// !$*UTF8*$!
{
	archiveVersion = 1;
	classes = {
	};
	objectVersion = 46;
	objects = {

/* Begin PBXBuildFile section */
		A802C6FC1D78FAD000B1C309 /* RatingControl.swift in Sources */ = {isa = PBXBuildFile; fileRef = A802C6FB1D78FAD000B1C309 /* RatingControl.swift */; };
		A802C6FE1D79B4F000B1C309 /* Rock.swift in Sources */ = {isa = PBXBuildFile; fileRef = A802C6FD1D79B4F000B1C309 /* Rock.swift */; };
		A802C7001D79D42300B1C309 /* RockTableViewCell.swift in Sources */ = {isa = PBXBuildFile; fileRef = A802C6FF1D79D42300B1C309 /* RockTableViewCell.swift */; };
		A802C7021D7A159200B1C309 /* RockTableViewController.swift in Sources */ = {isa = PBXBuildFile; fileRef = A802C7011D7A159200B1C309 /* RockTableViewController.swift */; };
		A83245B21D8470A700425013 /* ImageInputSelectorViewController.swift in Sources */ = {isa = PBXBuildFile; fileRef = A83245B11D8470A700425013 /* ImageInputSelectorViewController.swift */; };
		A83245B41D85DDB600425013 /* User.swift in Sources */ = {isa = PBXBuildFile; fileRef = A83245B31D85DDB600425013 /* User.swift */; };
		A83245B61D86F64B00425013 /* Utility.swift in Sources */ = {isa = PBXBuildFile; fileRef = A83245B51D86F64B00425013 /* Utility.swift */; };
		A83245B81D87188D00425013 /* BTCentral.swift in Sources */ = {isa = PBXBuildFile; fileRef = A83245B71D87188D00425013 /* BTCentral.swift */; };
		A838BD131D722C00003D8CC4 /* AppDelegate.swift in Sources */ = {isa = PBXBuildFile; fileRef = A838BD121D722C00003D8CC4 /* AppDelegate.swift */; };
		A838BD151D722C00003D8CC4 /* RockViewController.swift in Sources */ = {isa = PBXBuildFile; fileRef = A838BD141D722C00003D8CC4 /* RockViewController.swift */; };
		A838BD181D722C00003D8CC4 /* Main.storyboard in Resources */ = {isa = PBXBuildFile; fileRef = A838BD161D722C00003D8CC4 /* Main.storyboard */; };
		A838BD1A1D722C00003D8CC4 /* Assets.xcassets in Resources */ = {isa = PBXBuildFile; fileRef = A838BD191D722C00003D8CC4 /* Assets.xcassets */; };
		A838BD1D1D722C01003D8CC4 /* LaunchScreen.storyboard in Resources */ = {isa = PBXBuildFile; fileRef = A838BD1B1D722C01003D8CC4 /* LaunchScreen.storyboard */; };
		A838BD281D722C01003D8CC4 /* RockDockTests.swift in Sources */ = {isa = PBXBuildFile; fileRef = A838BD271D722C01003D8CC4 /* RockDockTests.swift */; };
		A85EC3591D8B386B001B1FE1 /* BTLE_Transfer in Resources */ = {isa = PBXBuildFile; fileRef = A85EC3581D8B386B001B1FE1 /* BTLE_Transfer */; };
/* End PBXBuildFile section */

/* Begin PBXContainerItemProxy section */
		A838BD241D722C01003D8CC4 /* PBXContainerItemProxy */ = {
			isa = PBXContainerItemProxy;
			containerPortal = A838BD071D722C00003D8CC4 /* Project object */;
			proxyType = 1;
			remoteGlobalIDString = A838BD0E1D722C00003D8CC4;
			remoteInfo = RockDock;
		};
/* End PBXContainerItemProxy section */

/* Begin PBXFileReference section */
		A802C6FB1D78FAD000B1C309 /* RatingControl.swift */ = {isa = PBXFileReference; fileEncoding = 4; lastKnownFileType = sourcecode.swift; path = RatingControl.swift; sourceTree = "<group>"; };
		A802C6FD1D79B4F000B1C309 /* Rock.swift */ = {isa = PBXFileReference; fileEncoding = 4; lastKnownFileType = sourcecode.swift; path = Rock.swift; sourceTree = "<group>"; };
		A802C6FF1D79D42300B1C309 /* RockTableViewCell.swift */ = {isa = PBXFileReference; fileEncoding = 4; lastKnownFileType = sourcecode.swift; path = RockTableViewCell.swift; sourceTree = "<group>"; };
		A802C7011D7A159200B1C309 /* RockTableViewController.swift */ = {isa = PBXFileReference; fileEncoding = 4; lastKnownFileType = sourcecode.swift; lineEnding = 0; path = RockTableViewController.swift; sourceTree = "<group>"; xcLanguageSpecificationIdentifier = xcode.lang.swift; };
		A83245B11D8470A700425013 /* ImageInputSelectorViewController.swift */ = {isa = PBXFileReference; fileEncoding = 4; lastKnownFileType = sourcecode.swift; path = ImageInputSelectorViewController.swift; sourceTree = "<group>"; };
		A83245B31D85DDB600425013 /* User.swift */ = {isa = PBXFileReference; fileEncoding = 4; lastKnownFileType = sourcecode.swift; path = User.swift; sourceTree = "<group>"; };
		A83245B51D86F64B00425013 /* Utility.swift */ = {isa = PBXFileReference; fileEncoding = 4; lastKnownFileType = sourcecode.swift; path = Utility.swift; sourceTree = "<group>"; };
		A83245B71D87188D00425013 /* BTCentral.swift */ = {isa = PBXFileReference; fileEncoding = 4; lastKnownFileType = sourcecode.swift; path = BTCentral.swift; sourceTree = "<group>"; };
		A838BD0F1D722C00003D8CC4 /* RockDock.app */ = {isa = PBXFileReference; explicitFileType = wrapper.application; includeInIndex = 0; path = RockDock.app; sourceTree = BUILT_PRODUCTS_DIR; };
		A838BD121D722C00003D8CC4 /* AppDelegate.swift */ = {isa = PBXFileReference; lastKnownFileType = sourcecode.swift; path = AppDelegate.swift; sourceTree = "<group>"; };
		A838BD141D722C00003D8CC4 /* RockViewController.swift */ = {isa = PBXFileReference; lastKnownFileType = sourcecode.swift; path = RockViewController.swift; sourceTree = "<group>"; };
		A838BD171D722C00003D8CC4 /* Base */ = {isa = PBXFileReference; lastKnownFileType = file.storyboard; name = Base; path = Base.lproj/Main.storyboard; sourceTree = "<group>"; };
		A838BD191D722C00003D8CC4 /* Assets.xcassets */ = {isa = PBXFileReference; lastKnownFileType = folder.assetcatalog; path = Assets.xcassets; sourceTree = "<group>"; };
		A838BD1C1D722C01003D8CC4 /* Base */ = {isa = PBXFileReference; lastKnownFileType = file.storyboard; name = Base; path = Base.lproj/LaunchScreen.storyboard; sourceTree = "<group>"; };
		A838BD1E1D722C01003D8CC4 /* Info.plist */ = {isa = PBXFileReference; lastKnownFileType = text.plist.xml; path = Info.plist; sourceTree = "<group>"; };
		A838BD231D722C01003D8CC4 /* RockDockTests.xctest */ = {isa = PBXFileReference; explicitFileType = wrapper.cfbundle; includeInIndex = 0; path = RockDockTests.xctest; sourceTree = BUILT_PRODUCTS_DIR; };
		A838BD271D722C01003D8CC4 /* RockDockTests.swift */ = {isa = PBXFileReference; lastKnownFileType = sourcecode.swift; path = RockDockTests.swift; sourceTree = "<group>"; };
		A838BD291D722C01003D8CC4 /* Info.plist */ = {isa = PBXFileReference; lastKnownFileType = text.plist.xml; path = Info.plist; sourceTree = "<group>"; };
		A85EC3581D8B386B001B1FE1 /* BTLE_Transfer */ = {isa = PBXFileReference; lastKnownFileType = folder; path = BTLE_Transfer; sourceTree = SOURCE_ROOT; };
		A8DEEE2F1D7DD948007E3735 /* RockDock.xcodeproj */ = {isa = PBXFileReference; lastKnownFileType = "wrapper.pb-project"; path = RockDock.xcodeproj; sourceTree = "<group>"; };
/* End PBXFileReference section */

/* Begin PBXFrameworksBuildPhase section */
		A838BD0C1D722C00003D8CC4 /* Frameworks */ = {
			isa = PBXFrameworksBuildPhase;
			buildActionMask = 2147483647;
			files = (
			);
			runOnlyForDeploymentPostprocessing = 0;
		};
		A838BD201D722C01003D8CC4 /* Frameworks */ = {
			isa = PBXFrameworksBuildPhase;
			buildActionMask = 2147483647;
			files = (
			);
			runOnlyForDeploymentPostprocessing = 0;
		};
/* End PBXFrameworksBuildPhase section */

/* Begin PBXGroup section */
		A838BD061D722C00003D8CC4 = {
			isa = PBXGroup;
			children = (
				A8DEEE2F1D7DD948007E3735 /* RockDock.xcodeproj */,
				A838BD111D722C00003D8CC4 /* RockDock */,
				A838BD261D722C01003D8CC4 /* RockDockTests */,
				A838BD101D722C00003D8CC4 /* Products */,
			);
			sourceTree = "<group>";
		};
		A838BD101D722C00003D8CC4 /* Products */ = {
			isa = PBXGroup;
			children = (
				A838BD0F1D722C00003D8CC4 /* RockDock.app */,
				A838BD231D722C01003D8CC4 /* RockDockTests.xctest */,
			);
			name = Products;
			sourceTree = "<group>";
		};
		A838BD111D722C00003D8CC4 /* RockDock */ = {
			isa = PBXGroup;
			children = (
				A838BD121D722C00003D8CC4 /* AppDelegate.swift */,
				A838BD141D722C00003D8CC4 /* RockViewController.swift */,
				A802C6FB1D78FAD000B1C309 /* RatingControl.swift */,
				A802C6FD1D79B4F000B1C309 /* Rock.swift */,
				A83245B31D85DDB600425013 /* User.swift */,
				A838BD161D722C00003D8CC4 /* Main.storyboard */,
				A802C7011D7A159200B1C309 /* RockTableViewController.swift */,
				A802C6FF1D79D42300B1C309 /* RockTableViewCell.swift */,
				A838BD191D722C00003D8CC4 /* Assets.xcassets */,
				A838BD1B1D722C01003D8CC4 /* LaunchScreen.storyboard */,
				A838BD1E1D722C01003D8CC4 /* Info.plist */,
				A83245B11D8470A700425013 /* ImageInputSelectorViewController.swift */,
				A83245B51D86F64B00425013 /* Utility.swift */,
				A83245B71D87188D00425013 /* BTCentral.swift */,
				A85EC3581D8B386B001B1FE1 /* BTLE_Transfer */,
			);
			path = RockDock;
			sourceTree = "<group>";
		};
		A838BD261D722C01003D8CC4 /* RockDockTests */ = {
			isa = PBXGroup;
			children = (
				A838BD271D722C01003D8CC4 /* RockDockTests.swift */,
				A838BD291D722C01003D8CC4 /* Info.plist */,
			);
			path = RockDockTests;
			sourceTree = "<group>";
		};
		A8DEEE301D7DD948007E3735 /* Products */ = {
			isa = PBXGroup;
			name = Products;
			sourceTree = "<group>";
		};
/* End PBXGroup section */

/* Begin PBXNativeTarget section */
		A838BD0E1D722C00003D8CC4 /* RockDock */ = {
			isa = PBXNativeTarget;
			buildConfigurationList = A838BD2C1D722C01003D8CC4 /* Build configuration list for PBXNativeTarget "RockDock" */;
			buildPhases = (
				A838BD0B1D722C00003D8CC4 /* Sources */,
				A838BD0C1D722C00003D8CC4 /* Frameworks */,
				A838BD0D1D722C00003D8CC4 /* Resources */,
			);
			buildRules = (
			);
			dependencies = (
			);
			name = RockDock;
			productName = RockDock;
			productReference = A838BD0F1D722C00003D8CC4 /* RockDock.app */;
			productType = "com.apple.product-type.application";
		};
		A838BD221D722C01003D8CC4 /* RockDockTests */ = {
			isa = PBXNativeTarget;
			buildConfigurationList = A838BD2F1D722C01003D8CC4 /* Build configuration list for PBXNativeTarget "RockDockTests" */;
			buildPhases = (
				A838BD1F1D722C01003D8CC4 /* Sources */,
				A838BD201D722C01003D8CC4 /* Frameworks */,
				A838BD211D722C01003D8CC4 /* Resources */,
			);
			buildRules = (
			);
			dependencies = (
				A838BD251D722C01003D8CC4 /* PBXTargetDependency */,
			);
			name = RockDockTests;
			productName = RockDockTests;
			productReference = A838BD231D722C01003D8CC4 /* RockDockTests.xctest */;
			productType = "com.apple.product-type.bundle.unit-test";
		};
/* End PBXNativeTarget section */

/* Begin PBXProject section */
		A838BD071D722C00003D8CC4 /* Project object */ = {
			isa = PBXProject;
			attributes = {
				LastSwiftUpdateCheck = 0800;
				LastUpgradeCheck = 0800;
				ORGANIZATIONNAME = "Stephen Buck";
				TargetAttributes = {
					A838BD0E1D722C00003D8CC4 = {
						CreatedOnToolsVersion = 8.0;
						DevelopmentTeam = H9HS8CXZ8K;
						ProvisioningStyle = Automatic;
					};
					A838BD221D722C01003D8CC4 = {
						CreatedOnToolsVersion = 8.0;
						DevelopmentTeam = H9HS8CXZ8K;
						ProvisioningStyle = Automatic;
						TestTargetID = A838BD0E1D722C00003D8CC4;
					};
				};
			};
			buildConfigurationList = A838BD0A1D722C00003D8CC4 /* Build configuration list for PBXProject "RockDock" */;
			compatibilityVersion = "Xcode 3.2";
			developmentRegion = English;
			hasScannedForEncodings = 0;
			knownRegions = (
				en,
				Base,
			);
			mainGroup = A838BD061D722C00003D8CC4;
			productRefGroup = A838BD101D722C00003D8CC4 /* Products */;
			projectDirPath = "";
			projectReferences = (
				{
					ProductGroup = A8DEEE301D7DD948007E3735 /* Products */;
					ProjectRef = A8DEEE2F1D7DD948007E3735 /* RockDock.xcodeproj */;
				},
			);
			projectRoot = "";
			targets = (
				A838BD0E1D722C00003D8CC4 /* RockDock */,
				A838BD221D722C01003D8CC4 /* RockDockTests */,
			);
		};
/* End PBXProject section */

/* Begin PBXResourcesBuildPhase section */
		A838BD0D1D722C00003D8CC4 /* Resources */ = {
			isa = PBXResourcesBuildPhase;
			buildActionMask = 2147483647;
			files = (
				A85EC3591D8B386B001B1FE1 /* BTLE_Transfer in Resources */,
				A838BD1D1D722C01003D8CC4 /* LaunchScreen.storyboard in Resources */,
				A838BD1A1D722C00003D8CC4 /* Assets.xcassets in Resources */,
				A838BD181D722C00003D8CC4 /* Main.storyboard in Resources */,
			);
			runOnlyForDeploymentPostprocessing = 0;
		};
		A838BD211D722C01003D8CC4 /* Resources */ = {
			isa = PBXResourcesBuildPhase;
			buildActionMask = 2147483647;
			files = (
			);
			runOnlyForDeploymentPostprocessing = 0;
		};
/* End PBXResourcesBuildPhase section */

/* Begin PBXSourcesBuildPhase section */
		A838BD0B1D722C00003D8CC4 /* Sources */ = {
			isa = PBXSourcesBuildPhase;
			buildActionMask = 2147483647;
			files = (
				A83245B21D8470A700425013 /* ImageInputSelectorViewController.swift in Sources */,
				A802C6FE1D79B4F000B1C309 /* Rock.swift in Sources */,
				A83245B61D86F64B00425013 /* Utility.swift in Sources */,
				A838BD151D722C00003D8CC4 /* RockViewController.swift in Sources */,
				A802C7021D7A159200B1C309 /* RockTableViewController.swift in Sources */,
				A83245B41D85DDB600425013 /* User.swift in Sources */,
				A802C6FC1D78FAD000B1C309 /* RatingControl.swift in Sources */,
				A802C7001D79D42300B1C309 /* RockTableViewCell.swift in Sources */,
				A838BD131D722C00003D8CC4 /* AppDelegate.swift in Sources */,
				A83245B81D87188D00425013 /* BTCentral.swift in Sources */,
			);
			runOnlyForDeploymentPostprocessing = 0;
		};
		A838BD1F1D722C01003D8CC4 /* Sources */ = {
			isa = PBXSourcesBuildPhase;
			buildActionMask = 2147483647;
			files = (
				A838BD281D722C01003D8CC4 /* RockDockTests.swift in Sources */,
			);
			runOnlyForDeploymentPostprocessing = 0;
		};
/* End PBXSourcesBuildPhase section */

/* Begin PBXTargetDependency section */
		A838BD251D722C01003D8CC4 /* PBXTargetDependency */ = {
			isa = PBXTargetDependency;
			target = A838BD0E1D722C00003D8CC4 /* RockDock */;
			targetProxy = A838BD241D722C01003D8CC4 /* PBXContainerItemProxy */;
		};
/* End PBXTargetDependency section */

/* Begin PBXVariantGroup section */
		A838BD161D722C00003D8CC4 /* Main.storyboard */ = {
			isa = PBXVariantGroup;
			children = (
				A838BD171D722C00003D8CC4 /* Base */,
			);
			name = Main.storyboard;
			sourceTree = "<group>";
		};
		A838BD1B1D722C01003D8CC4 /* LaunchScreen.storyboard */ = {
			isa = PBXVariantGroup;
			children = (
				A838BD1C1D722C01003D8CC4 /* Base */,
			);
			name = LaunchScreen.storyboard;
			sourceTree = "<group>";
		};
/* End PBXVariantGroup section */

/* Begin XCBuildConfiguration section */
		A838BD2A1D722C01003D8CC4 /* Debug */ = {
			isa = XCBuildConfiguration;
			buildSettings = {
				ALWAYS_SEARCH_USER_PATHS = NO;
				CLANG_ANALYZER_NONNULL = YES;
				CLANG_CXX_LANGUAGE_STANDARD = "gnu++0x";
				CLANG_CXX_LIBRARY = "libc++";
				CLANG_ENABLE_MODULES = YES;
				CLANG_ENABLE_OBJC_ARC = YES;
				CLANG_WARN_BOOL_CONVERSION = YES;
				CLANG_WARN_CONSTANT_CONVERSION = YES;
				CLANG_WARN_DIRECT_OBJC_ISA_USAGE = YES_ERROR;
				CLANG_WARN_DOCUMENTATION_COMMENTS = YES;
				CLANG_WARN_EMPTY_BODY = YES;
				CLANG_WARN_ENUM_CONVERSION = YES;
				CLANG_WARN_INFINITE_RECURSION = YES;
				CLANG_WARN_INT_CONVERSION = YES;
				CLANG_WARN_OBJC_ROOT_CLASS = YES_ERROR;
				CLANG_WARN_SUSPICIOUS_MOVES = YES;
				CLANG_WARN_UNREACHABLE_CODE = YES;
				CLANG_WARN__DUPLICATE_METHOD_MATCH = YES;
				"CODE_SIGN_IDENTITY[sdk=iphoneos*]" = "iPhone Developer";
				COPY_PHASE_STRIP = NO;
				DEBUG_INFORMATION_FORMAT = dwarf;
				ENABLE_STRICT_OBJC_MSGSEND = YES;
				ENABLE_TESTABILITY = YES;
				GCC_C_LANGUAGE_STANDARD = gnu99;
				GCC_DYNAMIC_NO_PIC = NO;
				GCC_NO_COMMON_BLOCKS = YES;
				GCC_OPTIMIZATION_LEVEL = 0;
				GCC_PREPROCESSOR_DEFINITIONS = (
					"DEBUG=1",
					"$(inherited)",
				);
				GCC_WARN_64_TO_32_BIT_CONVERSION = YES;
				GCC_WARN_ABOUT_RETURN_TYPE = YES_ERROR;
				GCC_WARN_UNDECLARED_SELECTOR = YES;
				GCC_WARN_UNINITIALIZED_AUTOS = YES_AGGRESSIVE;
				GCC_WARN_UNUSED_FUNCTION = YES;
				GCC_WARN_UNUSED_VARIABLE = YES;
				IPHONEOS_DEPLOYMENT_TARGET = 10.0;
				MTL_ENABLE_DEBUG_INFO = YES;
				ONLY_ACTIVE_ARCH = YES;
				SDKROOT = iphoneos;
				SWIFT_ACTIVE_COMPILATION_CONDITIONS = DEBUG;
				SWIFT_OPTIMIZATION_LEVEL = "-Onone";
				TARGETED_DEVICE_FAMILY = "1,2";
			};
			name = Debug;
		};
		A838BD2B1D722C01003D8CC4 /* Release */ = {
			isa = XCBuildConfiguration;
			buildSettings = {
				ALWAYS_SEARCH_USER_PATHS = NO;
				CLANG_ANALYZER_NONNULL = YES;
				CLANG_CXX_LANGUAGE_STANDARD = "gnu++0x";
				CLANG_CXX_LIBRARY = "libc++";
				CLANG_ENABLE_MODULES = YES;
				CLANG_ENABLE_OBJC_ARC = YES;
				CLANG_WARN_BOOL_CONVERSION = YES;
				CLANG_WARN_CONSTANT_CONVERSION = YES;
				CLANG_WARN_DIRECT_OBJC_ISA_USAGE = YES_ERROR;
				CLANG_WARN_DOCUMENTATION_COMMENTS = YES;
				CLANG_WARN_EMPTY_BODY = YES;
				CLANG_WARN_ENUM_CONVERSION = YES;
				CLANG_WARN_INFINITE_RECURSION = YES;
				CLANG_WARN_INT_CONVERSION = YES;
				CLANG_WARN_OBJC_ROOT_CLASS = YES_ERROR;
				CLANG_WARN_SUSPICIOUS_MOVES = YES;
				CLANG_WARN_UNREACHABLE_CODE = YES;
				CLANG_WARN__DUPLICATE_METHOD_MATCH = YES;
				"CODE_SIGN_IDENTITY[sdk=iphoneos*]" = "iPhone Developer";
				COPY_PHASE_STRIP = NO;
				DEBUG_INFORMATION_FORMAT = "dwarf-with-dsym";
				ENABLE_NS_ASSERTIONS = NO;
				ENABLE_STRICT_OBJC_MSGSEND = YES;
				GCC_C_LANGUAGE_STANDARD = gnu99;
				GCC_NO_COMMON_BLOCKS = YES;
				GCC_WARN_64_TO_32_BIT_CONVERSION = YES;
				GCC_WARN_ABOUT_RETURN_TYPE = YES_ERROR;
				GCC_WARN_UNDECLARED_SELECTOR = YES;
				GCC_WARN_UNINITIALIZED_AUTOS = YES_AGGRESSIVE;
				GCC_WARN_UNUSED_FUNCTION = YES;
				GCC_WARN_UNUSED_VARIABLE = YES;
				IPHONEOS_DEPLOYMENT_TARGET = 10.0;
				MTL_ENABLE_DEBUG_INFO = NO;
				SDKROOT = iphoneos;
				SWIFT_OPTIMIZATION_LEVEL = "-Owholemodule";
				TARGETED_DEVICE_FAMILY = "1,2";
				VALIDATE_PRODUCT = YES;
			};
			name = Release;
		};
		A838BD2D1D722C01003D8CC4 /* Debug */ = {
			isa = XCBuildConfiguration;
			buildSettings = {
				ASSETCATALOG_COMPILER_APPICON_NAME = AppIcon;
				DEVELOPMENT_TEAM = H9HS8CXZ8K;
				INFOPLIST_FILE = RockDock/Info.plist;
				IPHONEOS_DEPLOYMENT_TARGET = 10.0;
				LD_RUNPATH_SEARCH_PATHS = "$(inherited) @executable_path/Frameworks";
				PRODUCT_BUNDLE_IDENTIFIER = com.buckstephenh.RockDock;
				PRODUCT_NAME = "$(TARGET_NAME)";
				SWIFT_VERSION = 3.0;
			};
			name = Debug;
		};
		A838BD2E1D722C01003D8CC4 /* Release */ = {
			isa = XCBuildConfiguration;
			buildSettings = {
				ASSETCATALOG_COMPILER_APPICON_NAME = AppIcon;
				DEVELOPMENT_TEAM = H9HS8CXZ8K;
				INFOPLIST_FILE = RockDock/Info.plist;
				IPHONEOS_DEPLOYMENT_TARGET = 10.0;
				LD_RUNPATH_SEARCH_PATHS = "$(inherited) @executable_path/Frameworks";
				PRODUCT_BUNDLE_IDENTIFIER = com.buckstephenh.RockDock;
				PRODUCT_NAME = "$(TARGET_NAME)";
				SWIFT_VERSION = 3.0;
			};
			name = Release;
		};
		A838BD301D722C01003D8CC4 /* Debug */ = {
			isa = XCBuildConfiguration;
			buildSettings = {
				ALWAYS_EMBED_SWIFT_STANDARD_LIBRARIES = YES;
				BUNDLE_LOADER = "$(TEST_HOST)";
				DEVELOPMENT_TEAM = H9HS8CXZ8K;
				INFOPLIST_FILE = RockDockTests/Info.plist;
				LD_RUNPATH_SEARCH_PATHS = "$(inherited) @executable_path/Frameworks @loader_path/Frameworks";
				PRODUCT_BUNDLE_IDENTIFIER = com.buckstephenh.RockDockTests;
				PRODUCT_NAME = "$(TARGET_NAME)";
				SWIFT_VERSION = 3.0;
				TEST_HOST = "$(BUILT_PRODUCTS_DIR)/RockDock.app/RockDock";
			};
			name = Debug;
		};
		A838BD311D722C01003D8CC4 /* Release */ = {
			isa = XCBuildConfiguration;
			buildSettings = {
				ALWAYS_EMBED_SWIFT_STANDARD_LIBRARIES = YES;
				BUNDLE_LOADER = "$(TEST_HOST)";
				DEVELOPMENT_TEAM = H9HS8CXZ8K;
				INFOPLIST_FILE = RockDockTests/Info.plist;
				LD_RUNPATH_SEARCH_PATHS = "$(inherited) @executable_path/Frameworks @loader_path/Frameworks";
				PRODUCT_BUNDLE_IDENTIFIER = com.buckstephenh.RockDockTests;
				PRODUCT_NAME = "$(TARGET_NAME)";
				SWIFT_VERSION = 3.0;
				TEST_HOST = "$(BUILT_PRODUCTS_DIR)/RockDock.app/RockDock";
			};
			name = Release;
		};
/* End XCBuildConfiguration section */

/* Begin XCConfigurationList section */
		A838BD0A1D722C00003D8CC4 /* Build configuration list for PBXProject "RockDock" */ = {
			isa = XCConfigurationList;
			buildConfigurations = (
				A838BD2A1D722C01003D8CC4 /* Debug */,
				A838BD2B1D722C01003D8CC4 /* Release */,
			);
			defaultConfigurationIsVisible = 0;
			defaultConfigurationName = Release;
		};
		A838BD2C1D722C01003D8CC4 /* Build configuration list for PBXNativeTarget "RockDock" */ = {
			isa = XCConfigurationList;
			buildConfigurations = (
				A838BD2D1D722C01003D8CC4 /* Debug */,
				A838BD2E1D722C01003D8CC4 /* Release */,
			);
			defaultConfigurationIsVisible = 0;
			defaultConfigurationName = Release;
		};
		A838BD2F1D722C01003D8CC4 /* Build configuration list for PBXNativeTarget "RockDockTests" */ = {
			isa = XCConfigurationList;
			buildConfigurations = (
				A838BD301D722C01003D8CC4 /* Debug */,
				A838BD311D722C01003D8CC4 /* Release */,
			);
			defaultConfigurationIsVisible = 0;
			defaultConfigurationName = Release;
		};
/* End XCConfigurationList section */
	};
	rootObject = A838BD071D722C00003D8CC4 /* Project object */;
}
